// !$*UTF8*$!
{
	archiveVersion = 1;
	classes = {
	};
	objectVersion = 48;
	objects = {

/* Begin PBXBuildFile section */
		719392621FFEDC6D00E5E849 /* AppDelegate.swift in Sources */ = {isa = PBXBuildFile; fileRef = 719392611FFEDC6D00E5E849 /* AppDelegate.swift */; };
		719392671FFEDC6D00E5E849 /* Main.storyboard in Resources */ = {isa = PBXBuildFile; fileRef = 719392651FFEDC6D00E5E849 /* Main.storyboard */; };
		719392691FFEDC6D00E5E849 /* Assets.xcassets in Resources */ = {isa = PBXBuildFile; fileRef = 719392681FFEDC6D00E5E849 /* Assets.xcassets */; };
		7193926C1FFEDC6D00E5E849 /* LaunchScreen.storyboard in Resources */ = {isa = PBXBuildFile; fileRef = 7193926A1FFEDC6D00E5E849 /* LaunchScreen.storyboard */; };
		719392841FFEE06100E5E849 /* CalculatorViewController.swift in Sources */ = {isa = PBXBuildFile; fileRef = 719392831FFEE06100E5E849 /* CalculatorViewController.swift */; };
		7193928D1FFEE18900E5E849 /* CalculationManager.swift in Sources */ = {isa = PBXBuildFile; fileRef = 7193928C1FFEE18900E5E849 /* CalculationManager.swift */; };
		719392901FFEE3CB00E5E849 /* Operand.swift in Sources */ = {isa = PBXBuildFile; fileRef = 7193928F1FFEE3CB00E5E849 /* Operand.swift */; };
/* End PBXBuildFile section */

/* Begin PBXFileReference section */
		7193925E1FFEDC6D00E5E849 /* wallcalcaroni.app */ = {isa = PBXFileReference; explicitFileType = wrapper.application; includeInIndex = 0; path = wallcalcaroni.app; sourceTree = BUILT_PRODUCTS_DIR; };
		719392611FFEDC6D00E5E849 /* AppDelegate.swift */ = {isa = PBXFileReference; lastKnownFileType = sourcecode.swift; path = AppDelegate.swift; sourceTree = "<group>"; };
		719392661FFEDC6D00E5E849 /* Base */ = {isa = PBXFileReference; lastKnownFileType = file.storyboard; name = Base; path = Base.lproj/Main.storyboard; sourceTree = "<group>"; };
		719392681FFEDC6D00E5E849 /* Assets.xcassets */ = {isa = PBXFileReference; lastKnownFileType = folder.assetcatalog; path = Assets.xcassets; sourceTree = "<group>"; };
		7193926B1FFEDC6D00E5E849 /* Base */ = {isa = PBXFileReference; lastKnownFileType = file.storyboard; name = Base; path = Base.lproj/LaunchScreen.storyboard; sourceTree = "<group>"; };
		7193926D1FFEDC6D00E5E849 /* Info.plist */ = {isa = PBXFileReference; lastKnownFileType = text.plist.xml; path = Info.plist; sourceTree = "<group>"; };
		719392831FFEE06100E5E849 /* CalculatorViewController.swift */ = {isa = PBXFileReference; lastKnownFileType = sourcecode.swift; path = CalculatorViewController.swift; sourceTree = "<group>"; };
		7193928C1FFEE18900E5E849 /* CalculationManager.swift */ = {isa = PBXFileReference; lastKnownFileType = sourcecode.swift; path = CalculationManager.swift; sourceTree = "<group>"; };
		7193928F1FFEE3CB00E5E849 /* Operand.swift */ = {isa = PBXFileReference; lastKnownFileType = sourcecode.swift; path = Operand.swift; sourceTree = "<group>"; };
/* End PBXFileReference section */

/* Begin PBXFrameworksBuildPhase section */
		7193925B1FFEDC6D00E5E849 /* Frameworks */ = {
			isa = PBXFrameworksBuildPhase;
			buildActionMask = 2147483647;
			files = (
			);
			runOnlyForDeploymentPostprocessing = 0;
		};
/* End PBXFrameworksBuildPhase section */

/* Begin PBXGroup section */
		719392551FFEDC6D00E5E849 = {
			isa = PBXGroup;
			children = (
				719392601FFEDC6D00E5E849 /* wallcalcaroni */,
				7193925F1FFEDC6D00E5E849 /* Products */,
			);
			sourceTree = "<group>";
		};
		7193925F1FFEDC6D00E5E849 /* Products */ = {
			isa = PBXGroup;
			children = (
				7193925E1FFEDC6D00E5E849 /* wallcalcaroni.app */,
			);
			name = Products;
			sourceTree = "<group>";
		};
		719392601FFEDC6D00E5E849 /* wallcalcaroni */ = {
			isa = PBXGroup;
			children = (
				7193928E1FFEE3C200E5E849 /* Enums */,
				719392851FFEE07100E5E849 /* Model */,
				719392861FFEE07500E5E849 /* Controller */,
				719392611FFEDC6D00E5E849 /* AppDelegate.swift */,
				719392651FFEDC6D00E5E849 /* Main.storyboard */,
				719392681FFEDC6D00E5E849 /* Assets.xcassets */,
				7193926A1FFEDC6D00E5E849 /* LaunchScreen.storyboard */,
				7193926D1FFEDC6D00E5E849 /* Info.plist */,
			);
			path = wallcalcaroni;
			sourceTree = "<group>";
		};
		719392851FFEE07100E5E849 /* Model */ = {
			isa = PBXGroup;
			children = (
				7193928C1FFEE18900E5E849 /* CalculationManager.swift */,
			);
			path = Model;
			sourceTree = "<group>";
		};
		719392861FFEE07500E5E849 /* Controller */ = {
			isa = PBXGroup;
			children = (
				719392831FFEE06100E5E849 /* CalculatorViewController.swift */,
			);
			path = Controller;
			sourceTree = "<group>";
		};
		7193928E1FFEE3C200E5E849 /* Enums */ = {
			isa = PBXGroup;
			children = (
				7193928F1FFEE3CB00E5E849 /* Operand.swift */,
			);
			path = Enums;
			sourceTree = "<group>";
		};
/* End PBXGroup section */

/* Begin PBXNativeTarget section */
		7193925D1FFEDC6D00E5E849 /* wallcalcaroni */ = {
			isa = PBXNativeTarget;
			buildConfigurationList = 7193927B1FFEDC6D00E5E849 /* Build configuration list for PBXNativeTarget "wallcalcaroni" */;
			buildPhases = (
				7193925A1FFEDC6D00E5E849 /* Sources */,
				7193925B1FFEDC6D00E5E849 /* Frameworks */,
				7193925C1FFEDC6D00E5E849 /* Resources */,
			);
			buildRules = (
			);
			dependencies = (
			);
			name = wallcalcaroni;
			productName = wallcalcaroni;
			productReference = 7193925E1FFEDC6D00E5E849 /* wallcalcaroni.app */;
			productType = "com.apple.product-type.application";
		};
/* End PBXNativeTarget section */

/* Begin PBXProject section */
		719392561FFEDC6D00E5E849 /* Project object */ = {
			isa = PBXProject;
			attributes = {
				LastSwiftUpdateCheck = 0920;
				LastUpgradeCheck = 0920;
				ORGANIZATIONNAME = "Caleb Stultz";
				TargetAttributes = {
					7193925D1FFEDC6D00E5E849 = {
						CreatedOnToolsVersion = 9.2;
						ProvisioningStyle = Automatic;
					};
				};
			};
			buildConfigurationList = 719392591FFEDC6D00E5E849 /* Build configuration list for PBXProject "wallcalcaroni" */;
			compatibilityVersion = "Xcode 8.0";
			developmentRegion = en;
			hasScannedForEncodings = 0;
			knownRegions = (
				en,
				Base,
			);
			mainGroup = 719392551FFEDC6D00E5E849;
			productRefGroup = 7193925F1FFEDC6D00E5E849 /* Products */;
			projectDirPath = "";
			projectRoot = "";
			targets = (
				7193925D1FFEDC6D00E5E849 /* wallcalcaroni */,
			);
		};
/* End PBXProject section */

/* Begin PBXResourcesBuildPhase section */
		7193925C1FFEDC6D00E5E849 /* Resources */ = {
			isa = PBXResourcesBuildPhase;
			buildActionMask = 2147483647;
			files = (
				7193926C1FFEDC6D00E5E849 /* LaunchScreen.storyboard in Resources */,
				719392691FFEDC6D00E5E849 /* Assets.xcassets in Resources */,
				719392671FFEDC6D00E5E849 /* Main.storyboard in Resources */,
			);
			runOnlyForDeploymentPostprocessing = 0;
		};
/* End PBXResourcesBuildPhase section */

/* Begin PBXSourcesBuildPhase section */
		7193925A1FFEDC6D00E5E849 /* Sources */ = {
			isa = PBXSourcesBuildPhase;
			buildActionMask = 2147483647;
			files = (
				719392841FFEE06100E5E849 /* CalculatorViewController.swift in Sources */,
				719392901FFEE3CB00E5E849 /* Operand.swift in Sources */,
				7193928D1FFEE18900E5E849 /* CalculationManager.swift in Sources */,
				719392621FFEDC6D00E5E849 /* AppDelegate.swift in Sources */,
			);
			runOnlyForDeploymentPostprocessing = 0;
		};
/* End PBXSourcesBuildPhase section */

/* Begin PBXVariantGroup section */
		719392651FFEDC6D00E5E849 /* Main.storyboard */ = {
			isa = PBXVariantGroup;
			children = (
				719392661FFEDC6D00E5E849 /* Base */,
			);
			name = Main.storyboard;
			sourceTree = "<group>";
		};
		7193926A1FFEDC6D00E5E849 /* LaunchScreen.storyboard */ = {
			isa = PBXVariantGroup;
			children = (
				7193926B1FFEDC6D00E5E849 /* Base */,
			);
			name = LaunchScreen.storyboard;
			sourceTree = "<group>";
		};
/* End PBXVariantGroup section */

/* Begin XCBuildConfiguration section */
		719392791FFEDC6D00E5E849 /* Debug */ = {
			isa = XCBuildConfiguration;
			buildSettings = {
				ALWAYS_SEARCH_USER_PATHS = NO;
				CLANG_ANALYZER_NONNULL = YES;
				CLANG_ANALYZER_NUMBER_OBJECT_CONVERSION = YES_AGGRESSIVE;
				CLANG_CXX_LANGUAGE_STANDARD = "gnu++14";
				CLANG_CXX_LIBRARY = "libc++";
				CLANG_ENABLE_MODULES = YES;
				CLANG_ENABLE_OBJC_ARC = YES;
				CLANG_WARN_BLOCK_CAPTURE_AUTORELEASING = YES;
				CLANG_WARN_BOOL_CONVERSION = YES;
				CLANG_WARN_COMMA = YES;
				CLANG_WARN_CONSTANT_CONVERSION = YES;
				CLANG_WARN_DIRECT_OBJC_ISA_USAGE = YES_ERROR;
				CLANG_WARN_DOCUMENTATION_COMMENTS = YES;
				CLANG_WARN_EMPTY_BODY = YES;
				CLANG_WARN_ENUM_CONVERSION = YES;
				CLANG_WARN_INFINITE_RECURSION = YES;
				CLANG_WARN_INT_CONVERSION = YES;
				CLANG_WARN_NON_LITERAL_NULL_CONVERSION = YES;
				CLANG_WARN_OBJC_LITERAL_CONVERSION = YES;
				CLANG_WARN_OBJC_ROOT_CLASS = YES_ERROR;
				CLANG_WARN_RANGE_LOOP_ANALYSIS = YES;
				CLANG_WARN_STRICT_PROTOTYPES = YES;
				CLANG_WARN_SUSPICIOUS_MOVE = YES;
				CLANG_WARN_UNGUARDED_AVAILABILITY = YES_AGGRESSIVE;
				CLANG_WARN_UNREACHABLE_CODE = YES;
				CLANG_WARN__DUPLICATE_METHOD_MATCH = YES;
				CODE_SIGN_IDENTITY = "iPhone Developer";
				COPY_PHASE_STRIP = NO;
				DEBUG_INFORMATION_FORMAT = dwarf;
				ENABLE_STRICT_OBJC_MSGSEND = YES;
				ENABLE_TESTABILITY = YES;
				GCC_C_LANGUAGE_STANDARD = gnu11;
				GCC_DYNAMIC_NO_PIC = NO;
				GCC_NO_COMMON_BLOCKS = YES;
				GCC_OPTIMIZATION_LEVEL = 0;
				GCC_PREPROCESSOR_DEFINITIONS = (
					"DEBUG=1",
					"$(inherited)",
				);
				GCC_WARN_64_TO_32_BIT_CONVERSION = YES;
				GCC_WARN_ABOUT_RETURN_TYPE = YES_ERROR;
				GCC_WARN_UNDECLARED_SELECTOR = YES;
				GCC_WARN_UNINITIALIZED_AUTOS = YES_AGGRESSIVE;
				GCC_WARN_UNUSED_FUNCTION = YES;
				GCC_WARN_UNUSED_VARIABLE = YES;
				IPHONEOS_DEPLOYMENT_TARGET = 11.2;
				MTL_ENABLE_DEBUG_INFO = YES;
				ONLY_ACTIVE_ARCH = YES;
				SDKROOT = iphoneos;
				SWIFT_ACTIVE_COMPILATION_CONDITIONS = DEBUG;
				SWIFT_OPTIMIZATION_LEVEL = "-Onone";
			};
			name = Debug;
		};
		7193927A1FFEDC6D00E5E849 /* Release */ = {
			isa = XCBuildConfiguration;
			buildSettings = {
				ALWAYS_SEARCH_USER_PATHS = NO;
				CLANG_ANALYZER_NONNULL = YES;
				CLANG_ANALYZER_NUMBER_OBJECT_CONVERSION = YES_AGGRESSIVE;
				CLANG_CXX_LANGUAGE_STANDARD = "gnu++14";
				CLANG_CXX_LIBRARY = "libc++";
				CLANG_ENABLE_MODULES = YES;
				CLANG_ENABLE_OBJC_ARC = YES;
				CLANG_WARN_BLOCK_CAPTURE_AUTORELEASING = YES;
				CLANG_WARN_BOOL_CONVERSION = YES;
				CLANG_WARN_COMMA = YES;
				CLANG_WARN_CONSTANT_CONVERSION = YES;
				CLANG_WARN_DIRECT_OBJC_ISA_USAGE = YES_ERROR;
				CLANG_WARN_DOCUMENTATION_COMMENTS = YES;
				CLANG_WARN_EMPTY_BODY = YES;
				CLANG_WARN_ENUM_CONVERSION = YES;
				CLANG_WARN_INFINITE_RECURSION = YES;
				CLANG_WARN_INT_CONVERSION = YES;
				CLANG_WARN_NON_LITERAL_NULL_CONVERSION = YES;
				CLANG_WARN_OBJC_LITERAL_CONVERSION = YES;
				CLANG_WARN_OBJC_ROOT_CLASS = YES_ERROR;
				CLANG_WARN_RANGE_LOOP_ANALYSIS = YES;
				CLANG_WARN_STRICT_PROTOTYPES = YES;
				CLANG_WARN_SUSPICIOUS_MOVE = YES;
				CLANG_WARN_UNGUARDED_AVAILABILITY = YES_AGGRESSIVE;
				CLANG_WARN_UNREACHABLE_CODE = YES;
				CLANG_WARN__DUPLICATE_METHOD_MATCH = YES;
				CODE_SIGN_IDENTITY = "iPhone Developer";
				COPY_PHASE_STRIP = NO;
				DEBUG_INFORMATION_FORMAT = "dwarf-with-dsym";
				ENABLE_NS_ASSERTIONS = NO;
				ENABLE_STRICT_OBJC_MSGSEND = YES;
				GCC_C_LANGUAGE_STANDARD = gnu11;
				GCC_NO_COMMON_BLOCKS = YES;
				GCC_WARN_64_TO_32_BIT_CONVERSION = YES;
				GCC_WARN_ABOUT_RETURN_TYPE = YES_ERROR;
				GCC_WARN_UNDECLARED_SELECTOR = YES;
				GCC_WARN_UNINITIALIZED_AUTOS = YES_AGGRESSIVE;
				GCC_WARN_UNUSED_FUNCTION = YES;
				GCC_WARN_UNUSED_VARIABLE = YES;
				IPHONEOS_DEPLOYMENT_TARGET = 11.2;
				MTL_ENABLE_DEBUG_INFO = NO;
				SDKROOT = iphoneos;
				SWIFT_OPTIMIZATION_LEVEL = "-Owholemodule";
				VALIDATE_PRODUCT = YES;
			};
			name = Release;
		};
		7193927C1FFEDC6D00E5E849 /* Debug */ = {
			isa = XCBuildConfiguration;
			buildSettings = {
				ASSETCATALOG_COMPILER_APPICON_NAME = AppIcon;
				CODE_SIGN_STYLE = Automatic;
				DEVELOPMENT_TEAM = HLCDLFXF5Y;
				INFOPLIST_FILE = wallcalcaroni/Info.plist;
				LD_RUNPATH_SEARCH_PATHS = "$(inherited) @executable_path/Frameworks";
				PRODUCT_BUNDLE_IDENTIFIER = com.stultzapps.wallcalcaroni;
				PRODUCT_NAME = "$(TARGET_NAME)";
				SWIFT_VERSION = 4.0;
				TARGETED_DEVICE_FAMILY = "1,2";
			};
			name = Debug;
		};
		7193927D1FFEDC6D00E5E849 /* Release */ = {
			isa = XCBuildConfiguration;
			buildSettings = {
				ASSETCATALOG_COMPILER_APPICON_NAME = AppIcon;
				CODE_SIGN_STYLE = Automatic;
				DEVELOPMENT_TEAM = HLCDLFXF5Y;
				INFOPLIST_FILE = wallcalcaroni/Info.plist;
				LD_RUNPATH_SEARCH_PATHS = "$(inherited) @executable_path/Frameworks";
				PRODUCT_BUNDLE_IDENTIFIER = com.stultzapps.wallcalcaroni;
				PRODUCT_NAME = "$(TARGET_NAME)";
				SWIFT_VERSION = 4.0;
				TARGETED_DEVICE_FAMILY = "1,2";
			};
			name = Release;
		};
/* End XCBuildConfiguration section */

/* Begin XCConfigurationList section */
		719392591FFEDC6D00E5E849 /* Build configuration list for PBXProject "wallcalcaroni" */ = {
			isa = XCConfigurationList;
			buildConfigurations = (
				719392791FFEDC6D00E5E849 /* Debug */,
				7193927A1FFEDC6D00E5E849 /* Release */,
			);
			defaultConfigurationIsVisible = 0;
			defaultConfigurationName = Release;
		};
		7193927B1FFEDC6D00E5E849 /* Build configuration list for PBXNativeTarget "wallcalcaroni" */ = {
			isa = XCConfigurationList;
			buildConfigurations = (
				7193927C1FFEDC6D00E5E849 /* Debug */,
				7193927D1FFEDC6D00E5E849 /* Release */,
			);
			defaultConfigurationIsVisible = 0;
			defaultConfigurationName = Release;
		};
/* End XCConfigurationList section */
	};
	rootObject = 719392561FFEDC6D00E5E849 /* Project object */;
}
