// !$*UTF8*$!
{
	archiveVersion = 1;
	classes = {
	};
	objectVersion = 50;
	objects = {

/* Begin PBXBuildFile section */
		21BD735F24E082B900F2F681 /* AppDelegate.swift in Sources */ = {isa = PBXBuildFile; fileRef = 21BD735E24E082B900F2F681 /* AppDelegate.swift */; };
		21BD736124E082B900F2F681 /* SceneDelegate.swift in Sources */ = {isa = PBXBuildFile; fileRef = 21BD736024E082B900F2F681 /* SceneDelegate.swift */; };
		21BD736324E082B900F2F681 /* ViewController.swift in Sources */ = {isa = PBXBuildFile; fileRef = 21BD736224E082B900F2F681 /* ViewController.swift */; };
		21BD736624E082B900F2F681 /* Main.storyboard in Resources */ = {isa = PBXBuildFile; fileRef = 21BD736424E082B900F2F681 /* Main.storyboard */; };
		21BD736824E082BA00F2F681 /* Assets.xcassets in Resources */ = {isa = PBXBuildFile; fileRef = 21BD736724E082BA00F2F681 /* Assets.xcassets */; };
		21BD736B24E082BA00F2F681 /* LaunchScreen.storyboard in Resources */ = {isa = PBXBuildFile; fileRef = 21BD736924E082BA00F2F681 /* LaunchScreen.storyboard */; };
		21BD737624E082BA00F2F681 /* TesttobedeletedTests.swift in Sources */ = {isa = PBXBuildFile; fileRef = 21BD737524E082BA00F2F681 /* TesttobedeletedTests.swift */; };
		21BD738124E082BA00F2F681 /* TesttobedeletedUITests.swift in Sources */ = {isa = PBXBuildFile; fileRef = 21BD738024E082BA00F2F681 /* TesttobedeletedUITests.swift */; };
/* End PBXBuildFile section */

/* Begin PBXContainerItemProxy section */
		21BD737224E082BA00F2F681 /* PBXContainerItemProxy */ = {
			isa = PBXContainerItemProxy;
			containerPortal = 21BD735324E082B900F2F681 /* Project object */;
			proxyType = 1;
			remoteGlobalIDString = 21BD735A24E082B900F2F681;
			remoteInfo = Testtobedeleted;
		};
		21BD737D24E082BA00F2F681 /* PBXContainerItemProxy */ = {
			isa = PBXContainerItemProxy;
			containerPortal = 21BD735324E082B900F2F681 /* Project object */;
			proxyType = 1;
			remoteGlobalIDString = 21BD735A24E082B900F2F681;
			remoteInfo = Testtobedeleted;
		};
/* End PBXContainerItemProxy section */

/* Begin PBXFileReference section */
		21BD735B24E082B900F2F681 /* Testtobedeleted.app */ = {isa = PBXFileReference; explicitFileType = wrapper.application; includeInIndex = 0; path = Testtobedeleted.app; sourceTree = BUILT_PRODUCTS_DIR; };
		21BD735E24E082B900F2F681 /* AppDelegate.swift */ = {isa = PBXFileReference; lastKnownFileType = sourcecode.swift; path = AppDelegate.swift; sourceTree = "<group>"; };
		21BD736024E082B900F2F681 /* SceneDelegate.swift */ = {isa = PBXFileReference; lastKnownFileType = sourcecode.swift; path = SceneDelegate.swift; sourceTree = "<group>"; };
		21BD736224E082B900F2F681 /* ViewController.swift */ = {isa = PBXFileReference; lastKnownFileType = sourcecode.swift; path = ViewController.swift; sourceTree = "<group>"; };
		21BD736524E082B900F2F681 /* Base */ = {isa = PBXFileReference; lastKnownFileType = file.storyboard; name = Base; path = Base.lproj/Main.storyboard; sourceTree = "<group>"; };
		21BD736724E082BA00F2F681 /* Assets.xcassets */ = {isa = PBXFileReference; lastKnownFileType = folder.assetcatalog; path = Assets.xcassets; sourceTree = "<group>"; };
		21BD736A24E082BA00F2F681 /* Base */ = {isa = PBXFileReference; lastKnownFileType = file.storyboard; name = Base; path = Base.lproj/LaunchScreen.storyboard; sourceTree = "<group>"; };
		21BD736C24E082BA00F2F681 /* Info.plist */ = {isa = PBXFileReference; lastKnownFileType = text.plist.xml; path = Info.plist; sourceTree = "<group>"; };
		21BD737124E082BA00F2F681 /* TesttobedeletedTests.xctest */ = {isa = PBXFileReference; explicitFileType = wrapper.cfbundle; includeInIndex = 0; path = TesttobedeletedTests.xctest; sourceTree = BUILT_PRODUCTS_DIR; };
		21BD737524E082BA00F2F681 /* TesttobedeletedTests.swift */ = {isa = PBXFileReference; lastKnownFileType = sourcecode.swift; path = TesttobedeletedTests.swift; sourceTree = "<group>"; };
		21BD737724E082BA00F2F681 /* Info.plist */ = {isa = PBXFileReference; lastKnownFileType = text.plist.xml; path = Info.plist; sourceTree = "<group>"; };
		21BD737C24E082BA00F2F681 /* TesttobedeletedUITests.xctest */ = {isa = PBXFileReference; explicitFileType = wrapper.cfbundle; includeInIndex = 0; path = TesttobedeletedUITests.xctest; sourceTree = BUILT_PRODUCTS_DIR; };
		21BD738024E082BA00F2F681 /* TesttobedeletedUITests.swift */ = {isa = PBXFileReference; lastKnownFileType = sourcecode.swift; path = TesttobedeletedUITests.swift; sourceTree = "<group>"; };
		21BD738224E082BA00F2F681 /* Info.plist */ = {isa = PBXFileReference; lastKnownFileType = text.plist.xml; path = Info.plist; sourceTree = "<group>"; };
/* End PBXFileReference section */

/* Begin PBXFrameworksBuildPhase section */
		21BD735824E082B900F2F681 /* Frameworks */ = {
			isa = PBXFrameworksBuildPhase;
			buildActionMask = 2147483647;
			files = (
			);
			runOnlyForDeploymentPostprocessing = 0;
		};
		21BD736E24E082BA00F2F681 /* Frameworks */ = {
			isa = PBXFrameworksBuildPhase;
			buildActionMask = 2147483647;
			files = (
			);
			runOnlyForDeploymentPostprocessing = 0;
		};
		21BD737924E082BA00F2F681 /* Frameworks */ = {
			isa = PBXFrameworksBuildPhase;
			buildActionMask = 2147483647;
			files = (
			);
			runOnlyForDeploymentPostprocessing = 0;
		};
/* End PBXFrameworksBuildPhase section */

/* Begin PBXGroup section */
		21BD735224E082B900F2F681 = {
			isa = PBXGroup;
			children = (
				21BD735D24E082B900F2F681 /* Testtobedeleted */,
				21BD737424E082BA00F2F681 /* TesttobedeletedTests */,
				21BD737F24E082BA00F2F681 /* TesttobedeletedUITests */,
				21BD735C24E082B900F2F681 /* Products */,
			);
			sourceTree = "<group>";
		};
		21BD735C24E082B900F2F681 /* Products */ = {
			isa = PBXGroup;
			children = (
				21BD735B24E082B900F2F681 /* Testtobedeleted.app */,
				21BD737124E082BA00F2F681 /* TesttobedeletedTests.xctest */,
				21BD737C24E082BA00F2F681 /* TesttobedeletedUITests.xctest */,
			);
			name = Products;
			sourceTree = "<group>";
		};
		21BD735D24E082B900F2F681 /* Testtobedeleted */ = {
			isa = PBXGroup;
			children = (
				21BD735E24E082B900F2F681 /* AppDelegate.swift */,
				21BD736024E082B900F2F681 /* SceneDelegate.swift */,
				21BD736224E082B900F2F681 /* ViewController.swift */,
				21BD736424E082B900F2F681 /* Main.storyboard */,
				21BD736724E082BA00F2F681 /* Assets.xcassets */,
				21BD736924E082BA00F2F681 /* LaunchScreen.storyboard */,
				21BD736C24E082BA00F2F681 /* Info.plist */,
			);
			path = Testtobedeleted;
			sourceTree = "<group>";
		};
		21BD737424E082BA00F2F681 /* TesttobedeletedTests */ = {
			isa = PBXGroup;
			children = (
				21BD737524E082BA00F2F681 /* TesttobedeletedTests.swift */,
				21BD737724E082BA00F2F681 /* Info.plist */,
			);
			path = TesttobedeletedTests;
			sourceTree = "<group>";
		};
		21BD737F24E082BA00F2F681 /* TesttobedeletedUITests */ = {
			isa = PBXGroup;
			children = (
				21BD738024E082BA00F2F681 /* TesttobedeletedUITests.swift */,
				21BD738224E082BA00F2F681 /* Info.plist */,
			);
			path = TesttobedeletedUITests;
			sourceTree = "<group>";
		};
/* End PBXGroup section */

/* Begin PBXNativeTarget section */
		21BD735A24E082B900F2F681 /* Testtobedeleted */ = {
			isa = PBXNativeTarget;
			buildConfigurationList = 21BD738524E082BA00F2F681 /* Build configuration list for PBXNativeTarget "Testtobedeleted" */;
			buildPhases = (
				21BD735724E082B900F2F681 /* Sources */,
				21BD735824E082B900F2F681 /* Frameworks */,
				21BD735924E082B900F2F681 /* Resources */,
			);
			buildRules = (
			);
			dependencies = (
			);
			name = Testtobedeleted;
			productName = Testtobedeleted;
			productReference = 21BD735B24E082B900F2F681 /* Testtobedeleted.app */;
			productType = "com.apple.product-type.application";
		};
		21BD737024E082BA00F2F681 /* TesttobedeletedTests */ = {
			isa = PBXNativeTarget;
			buildConfigurationList = 21BD738824E082BA00F2F681 /* Build configuration list for PBXNativeTarget "TesttobedeletedTests" */;
			buildPhases = (
				21BD736D24E082BA00F2F681 /* Sources */,
				21BD736E24E082BA00F2F681 /* Frameworks */,
				21BD736F24E082BA00F2F681 /* Resources */,
			);
			buildRules = (
			);
			dependencies = (
				21BD737324E082BA00F2F681 /* PBXTargetDependency */,
			);
			name = TesttobedeletedTests;
			productName = TesttobedeletedTests;
			productReference = 21BD737124E082BA00F2F681 /* TesttobedeletedTests.xctest */;
			productType = "com.apple.product-type.bundle.unit-test";
		};
		21BD737B24E082BA00F2F681 /* TesttobedeletedUITests */ = {
			isa = PBXNativeTarget;
			buildConfigurationList = 21BD738B24E082BA00F2F681 /* Build configuration list for PBXNativeTarget "TesttobedeletedUITests" */;
			buildPhases = (
				21BD737824E082BA00F2F681 /* Sources */,
				21BD737924E082BA00F2F681 /* Frameworks */,
				21BD737A24E082BA00F2F681 /* Resources */,
			);
			buildRules = (
			);
			dependencies = (
				21BD737E24E082BA00F2F681 /* PBXTargetDependency */,
			);
			name = TesttobedeletedUITests;
			productName = TesttobedeletedUITests;
			productReference = 21BD737C24E082BA00F2F681 /* TesttobedeletedUITests.xctest */;
			productType = "com.apple.product-type.bundle.ui-testing";
		};
/* End PBXNativeTarget section */

/* Begin PBXProject section */
		21BD735324E082B900F2F681 /* Project object */ = {
			isa = PBXProject;
			attributes = {
				LastSwiftUpdateCheck = 1200;
				LastUpgradeCheck = 1200;
				TargetAttributes = {
					21BD735A24E082B900F2F681 = {
						CreatedOnToolsVersion = 12.0;
					};
					21BD737024E082BA00F2F681 = {
						CreatedOnToolsVersion = 12.0;
						TestTargetID = 21BD735A24E082B900F2F681;
					};
					21BD737B24E082BA00F2F681 = {
						CreatedOnToolsVersion = 12.0;
						TestTargetID = 21BD735A24E082B900F2F681;
					};
				};
			};
			buildConfigurationList = 21BD735624E082B900F2F681 /* Build configuration list for PBXProject "Testtobedeleted" */;
			compatibilityVersion = "Xcode 9.3";
			developmentRegion = en;
			hasScannedForEncodings = 0;
			knownRegions = (
				en,
				Base,
			);
			mainGroup = 21BD735224E082B900F2F681;
			productRefGroup = 21BD735C24E082B900F2F681 /* Products */;
			projectDirPath = "";
			projectRoot = "";
			targets = (
				21BD735A24E082B900F2F681 /* Testtobedeleted */,
				21BD737024E082BA00F2F681 /* TesttobedeletedTests */,
				21BD737B24E082BA00F2F681 /* TesttobedeletedUITests */,
			);
		};
/* End PBXProject section */

/* Begin PBXResourcesBuildPhase section */
		21BD735924E082B900F2F681 /* Resources */ = {
			isa = PBXResourcesBuildPhase;
			buildActionMask = 2147483647;
			files = (
				21BD736B24E082BA00F2F681 /* LaunchScreen.storyboard in Resources */,
				21BD736824E082BA00F2F681 /* Assets.xcassets in Resources */,
				21BD736624E082B900F2F681 /* Main.storyboard in Resources */,
			);
			runOnlyForDeploymentPostprocessing = 0;
		};
		21BD736F24E082BA00F2F681 /* Resources */ = {
			isa = PBXResourcesBuildPhase;
			buildActionMask = 2147483647;
			files = (
			);
			runOnlyForDeploymentPostprocessing = 0;
		};
		21BD737A24E082BA00F2F681 /* Resources */ = {
			isa = PBXResourcesBuildPhase;
			buildActionMask = 2147483647;
			files = (
			);
			runOnlyForDeploymentPostprocessing = 0;
		};
/* End PBXResourcesBuildPhase section */

/* Begin PBXSourcesBuildPhase section */
		21BD735724E082B900F2F681 /* Sources */ = {
			isa = PBXSourcesBuildPhase;
			buildActionMask = 2147483647;
			files = (
				21BD736324E082B900F2F681 /* ViewController.swift in Sources */,
				21BD735F24E082B900F2F681 /* AppDelegate.swift in Sources */,
				21BD736124E082B900F2F681 /* SceneDelegate.swift in Sources */,
			);
			runOnlyForDeploymentPostprocessing = 0;
		};
		21BD736D24E082BA00F2F681 /* Sources */ = {
			isa = PBXSourcesBuildPhase;
			buildActionMask = 2147483647;
			files = (
				21BD737624E082BA00F2F681 /* TesttobedeletedTests.swift in Sources */,
			);
			runOnlyForDeploymentPostprocessing = 0;
		};
		21BD737824E082BA00F2F681 /* Sources */ = {
			isa = PBXSourcesBuildPhase;
			buildActionMask = 2147483647;
			files = (
				21BD738124E082BA00F2F681 /* TesttobedeletedUITests.swift in Sources */,
			);
			runOnlyForDeploymentPostprocessing = 0;
		};
/* End PBXSourcesBuildPhase section */

/* Begin PBXTargetDependency section */
		21BD737324E082BA00F2F681 /* PBXTargetDependency */ = {
			isa = PBXTargetDependency;
			target = 21BD735A24E082B900F2F681 /* Testtobedeleted */;
			targetProxy = 21BD737224E082BA00F2F681 /* PBXContainerItemProxy */;
		};
		21BD737E24E082BA00F2F681 /* PBXTargetDependency */ = {
			isa = PBXTargetDependency;
			target = 21BD735A24E082B900F2F681 /* Testtobedeleted */;
			targetProxy = 21BD737D24E082BA00F2F681 /* PBXContainerItemProxy */;
		};
/* End PBXTargetDependency section */

/* Begin PBXVariantGroup section */
		21BD736424E082B900F2F681 /* Main.storyboard */ = {
			isa = PBXVariantGroup;
			children = (
				21BD736524E082B900F2F681 /* Base */,
			);
			name = Main.storyboard;
			sourceTree = "<group>";
		};
		21BD736924E082BA00F2F681 /* LaunchScreen.storyboard */ = {
			isa = PBXVariantGroup;
			children = (
				21BD736A24E082BA00F2F681 /* Base */,
			);
			name = LaunchScreen.storyboard;
			sourceTree = "<group>";
		};
/* End PBXVariantGroup section */

/* Begin XCBuildConfiguration section */
		21BD738324E082BA00F2F681 /* Debug */ = {
			isa = XCBuildConfiguration;
			buildSettings = {
				ALWAYS_SEARCH_USER_PATHS = NO;
				CLANG_ANALYZER_NONNULL = YES;
				CLANG_ANALYZER_NUMBER_OBJECT_CONVERSION = YES_AGGRESSIVE;
				CLANG_CXX_LANGUAGE_STANDARD = "gnu++14";
				CLANG_CXX_LIBRARY = "libc++";
				CLANG_ENABLE_MODULES = YES;
				CLANG_ENABLE_OBJC_ARC = YES;
				CLANG_ENABLE_OBJC_WEAK = YES;
				CLANG_WARN_BLOCK_CAPTURE_AUTORELEASING = YES;
				CLANG_WARN_BOOL_CONVERSION = YES;
				CLANG_WARN_COMMA = YES;
				CLANG_WARN_CONSTANT_CONVERSION = YES;
				CLANG_WARN_DEPRECATED_OBJC_IMPLEMENTATIONS = YES;
				CLANG_WARN_DIRECT_OBJC_ISA_USAGE = YES_ERROR;
				CLANG_WARN_DOCUMENTATION_COMMENTS = YES;
				CLANG_WARN_EMPTY_BODY = YES;
				CLANG_WARN_ENUM_CONVERSION = YES;
				CLANG_WARN_INFINITE_RECURSION = YES;
				CLANG_WARN_INT_CONVERSION = YES;
				CLANG_WARN_NON_LITERAL_NULL_CONVERSION = YES;
				CLANG_WARN_OBJC_IMPLICIT_RETAIN_SELF = YES;
				CLANG_WARN_OBJC_LITERAL_CONVERSION = YES;
				CLANG_WARN_OBJC_ROOT_CLASS = YES_ERROR;
				CLANG_WARN_QUOTED_INCLUDE_IN_FRAMEWORK_HEADER = YES;
				CLANG_WARN_RANGE_LOOP_ANALYSIS = YES;
				CLANG_WARN_STRICT_PROTOTYPES = YES;
				CLANG_WARN_SUSPICIOUS_MOVE = YES;
				CLANG_WARN_UNGUARDED_AVAILABILITY = YES_AGGRESSIVE;
				CLANG_WARN_UNREACHABLE_CODE = YES;
				CLANG_WARN__DUPLICATE_METHOD_MATCH = YES;
				COPY_PHASE_STRIP = NO;
				DEBUG_INFORMATION_FORMAT = dwarf;
				ENABLE_STRICT_OBJC_MSGSEND = YES;
				ENABLE_TESTABILITY = YES;
				GCC_C_LANGUAGE_STANDARD = gnu11;
				GCC_DYNAMIC_NO_PIC = NO;
				GCC_NO_COMMON_BLOCKS = YES;
				GCC_OPTIMIZATION_LEVEL = 0;
				GCC_PREPROCESSOR_DEFINITIONS = (
					"DEBUG=1",
					"$(inherited)",
				);
				GCC_WARN_64_TO_32_BIT_CONVERSION = YES;
				GCC_WARN_ABOUT_RETURN_TYPE = YES_ERROR;
				GCC_WARN_UNDECLARED_SELECTOR = YES;
				GCC_WARN_UNINITIALIZED_AUTOS = YES_AGGRESSIVE;
				GCC_WARN_UNUSED_FUNCTION = YES;
				GCC_WARN_UNUSED_VARIABLE = YES;
				IPHONEOS_DEPLOYMENT_TARGET = 14.0;
				MTL_ENABLE_DEBUG_INFO = INCLUDE_SOURCE;
				MTL_FAST_MATH = YES;
				ONLY_ACTIVE_ARCH = YES;
				SDKROOT = iphoneos;
				SWIFT_ACTIVE_COMPILATION_CONDITIONS = DEBUG;
				SWIFT_OPTIMIZATION_LEVEL = "-Onone";
			};
			name = Debug;
		};
		21BD738424E082BA00F2F681 /* Release */ = {
			isa = XCBuildConfiguration;
			buildSettings = {
				ALWAYS_SEARCH_USER_PATHS = NO;
				CLANG_ANALYZER_NONNULL = YES;
				CLANG_ANALYZER_NUMBER_OBJECT_CONVERSION = YES_AGGRESSIVE;
				CLANG_CXX_LANGUAGE_STANDARD = "gnu++14";
				CLANG_CXX_LIBRARY = "libc++";
				CLANG_ENABLE_MODULES = YES;
				CLANG_ENABLE_OBJC_ARC = YES;
				CLANG_ENABLE_OBJC_WEAK = YES;
				CLANG_WARN_BLOCK_CAPTURE_AUTORELEASING = YES;
				CLANG_WARN_BOOL_CONVERSION = YES;
				CLANG_WARN_COMMA = YES;
				CLANG_WARN_CONSTANT_CONVERSION = YES;
				CLANG_WARN_DEPRECATED_OBJC_IMPLEMENTATIONS = YES;
				CLANG_WARN_DIRECT_OBJC_ISA_USAGE = YES_ERROR;
				CLANG_WARN_DOCUMENTATION_COMMENTS = YES;
				CLANG_WARN_EMPTY_BODY = YES;
				CLANG_WARN_ENUM_CONVERSION = YES;
				CLANG_WARN_INFINITE_RECURSION = YES;
				CLANG_WARN_INT_CONVERSION = YES;
				CLANG_WARN_NON_LITERAL_NULL_CONVERSION = YES;
				CLANG_WARN_OBJC_IMPLICIT_RETAIN_SELF = YES;
				CLANG_WARN_OBJC_LITERAL_CONVERSION = YES;
				CLANG_WARN_OBJC_ROOT_CLASS = YES_ERROR;
				CLANG_WARN_QUOTED_INCLUDE_IN_FRAMEWORK_HEADER = YES;
				CLANG_WARN_RANGE_LOOP_ANALYSIS = YES;
				CLANG_WARN_STRICT_PROTOTYPES = YES;
				CLANG_WARN_SUSPICIOUS_MOVE = YES;
				CLANG_WARN_UNGUARDED_AVAILABILITY = YES_AGGRESSIVE;
				CLANG_WARN_UNREACHABLE_CODE = YES;
				CLANG_WARN__DUPLICATE_METHOD_MATCH = YES;
				COPY_PHASE_STRIP = NO;
				DEBUG_INFORMATION_FORMAT = "dwarf-with-dsym";
				ENABLE_NS_ASSERTIONS = NO;
				ENABLE_STRICT_OBJC_MSGSEND = YES;
				GCC_C_LANGUAGE_STANDARD = gnu11;
				GCC_NO_COMMON_BLOCKS = YES;
				GCC_WARN_64_TO_32_BIT_CONVERSION = YES;
				GCC_WARN_ABOUT_RETURN_TYPE = YES_ERROR;
				GCC_WARN_UNDECLARED_SELECTOR = YES;
				GCC_WARN_UNINITIALIZED_AUTOS = YES_AGGRESSIVE;
				GCC_WARN_UNUSED_FUNCTION = YES;
				GCC_WARN_UNUSED_VARIABLE = YES;
				IPHONEOS_DEPLOYMENT_TARGET = 14.0;
				MTL_ENABLE_DEBUG_INFO = NO;
				MTL_FAST_MATH = YES;
				SDKROOT = iphoneos;
				SWIFT_COMPILATION_MODE = wholemodule;
				SWIFT_OPTIMIZATION_LEVEL = "-O";
				VALIDATE_PRODUCT = YES;
			};
			name = Release;
		};
		21BD738624E082BA00F2F681 /* Debug */ = {
			isa = XCBuildConfiguration;
			buildSettings = {
				ASSETCATALOG_COMPILER_APPICON_NAME = AppIcon;
				ASSETCATALOG_COMPILER_GLOBAL_ACCENT_COLOR_NAME = AccentColor;
				CODE_SIGN_STYLE = Automatic;
				DEVELOPMENT_TEAM = QLJ84Q3ZSY;
				INFOPLIST_FILE = Testtobedeleted/Info.plist;
				LD_RUNPATH_SEARCH_PATHS = (
					"$(inherited)",
					"@executable_path/Frameworks",
				);
				PRODUCT_BUNDLE_IDENTIFIER = com.aveldanov.Testtobedeleted;
				PRODUCT_NAME = "$(TARGET_NAME)";
				SWIFT_VERSION = 5.0;
				TARGETED_DEVICE_FAMILY = "1,2";
			};
			name = Debug;
		};
		21BD738724E082BA00F2F681 /* Release */ = {
			isa = XCBuildConfiguration;
			buildSettings = {
				ASSETCATALOG_COMPILER_APPICON_NAME = AppIcon;
				ASSETCATALOG_COMPILER_GLOBAL_ACCENT_COLOR_NAME = AccentColor;
				CODE_SIGN_STYLE = Automatic;
				DEVELOPMENT_TEAM = QLJ84Q3ZSY;
				INFOPLIST_FILE = Testtobedeleted/Info.plist;
				LD_RUNPATH_SEARCH_PATHS = (
					"$(inherited)",
					"@executable_path/Frameworks",
				);
				PRODUCT_BUNDLE_IDENTIFIER = com.aveldanov.Testtobedeleted;
				PRODUCT_NAME = "$(TARGET_NAME)";
				SWIFT_VERSION = 5.0;
				TARGETED_DEVICE_FAMILY = "1,2";
			};
			name = Release;
		};
		21BD738924E082BA00F2F681 /* Debug */ = {
			isa = XCBuildConfiguration;
			buildSettings = {
				ALWAYS_EMBED_SWIFT_STANDARD_LIBRARIES = YES;
				BUNDLE_LOADER = "$(TEST_HOST)";
				CODE_SIGN_STYLE = Automatic;
				DEVELOPMENT_TEAM = QLJ84Q3ZSY;
				INFOPLIST_FILE = TesttobedeletedTests/Info.plist;
				IPHONEOS_DEPLOYMENT_TARGET = 14.0;
				LD_RUNPATH_SEARCH_PATHS = (
					"$(inherited)",
					"@executable_path/Frameworks",
					"@loader_path/Frameworks",
				);
				PRODUCT_BUNDLE_IDENTIFIER = com.aveldanov.TesttobedeletedTests;
				PRODUCT_NAME = "$(TARGET_NAME)";
				SWIFT_VERSION = 5.0;
				TARGETED_DEVICE_FAMILY = "1,2";
				TEST_HOST = "$(BUILT_PRODUCTS_DIR)/Testtobedeleted.app/Testtobedeleted";
			};
			name = Debug;
		};
		21BD738A24E082BA00F2F681 /* Release */ = {
			isa = XCBuildConfiguration;
			buildSettings = {
				ALWAYS_EMBED_SWIFT_STANDARD_LIBRARIES = YES;
				BUNDLE_LOADER = "$(TEST_HOST)";
				CODE_SIGN_STYLE = Automatic;
				DEVELOPMENT_TEAM = QLJ84Q3ZSY;
				INFOPLIST_FILE = TesttobedeletedTests/Info.plist;
				IPHONEOS_DEPLOYMENT_TARGET = 14.0;
				LD_RUNPATH_SEARCH_PATHS = (
					"$(inherited)",
					"@executable_path/Frameworks",
					"@loader_path/Frameworks",
				);
				PRODUCT_BUNDLE_IDENTIFIER = com.aveldanov.TesttobedeletedTests;
				PRODUCT_NAME = "$(TARGET_NAME)";
				SWIFT_VERSION = 5.0;
				TARGETED_DEVICE_FAMILY = "1,2";
				TEST_HOST = "$(BUILT_PRODUCTS_DIR)/Testtobedeleted.app/Testtobedeleted";
			};
			name = Release;
		};
		21BD738C24E082BA00F2F681 /* Debug */ = {
			isa = XCBuildConfiguration;
			buildSettings = {
				ALWAYS_EMBED_SWIFT_STANDARD_LIBRARIES = YES;
				CODE_SIGN_STYLE = Automatic;
				DEVELOPMENT_TEAM = QLJ84Q3ZSY;
				INFOPLIST_FILE = TesttobedeletedUITests/Info.plist;
				LD_RUNPATH_SEARCH_PATHS = (
					"$(inherited)",
					"@executable_path/Frameworks",
					"@loader_path/Frameworks",
				);
				PRODUCT_BUNDLE_IDENTIFIER = com.aveldanov.TesttobedeletedUITests;
				PRODUCT_NAME = "$(TARGET_NAME)";
				SWIFT_VERSION = 5.0;
				TARGETED_DEVICE_FAMILY = "1,2";
				TEST_TARGET_NAME = Testtobedeleted;
			};
			name = Debug;
		};
		21BD738D24E082BA00F2F681 /* Release */ = {
			isa = XCBuildConfiguration;
			buildSettings = {
				ALWAYS_EMBED_SWIFT_STANDARD_LIBRARIES = YES;
				CODE_SIGN_STYLE = Automatic;
				DEVELOPMENT_TEAM = QLJ84Q3ZSY;
				INFOPLIST_FILE = TesttobedeletedUITests/Info.plist;
				LD_RUNPATH_SEARCH_PATHS = (
					"$(inherited)",
					"@executable_path/Frameworks",
					"@loader_path/Frameworks",
				);
				PRODUCT_BUNDLE_IDENTIFIER = com.aveldanov.TesttobedeletedUITests;
				PRODUCT_NAME = "$(TARGET_NAME)";
				SWIFT_VERSION = 5.0;
				TARGETED_DEVICE_FAMILY = "1,2";
				TEST_TARGET_NAME = Testtobedeleted;
			};
			name = Release;
		};
/* End XCBuildConfiguration section */

/* Begin XCConfigurationList section */
		21BD735624E082B900F2F681 /* Build configuration list for PBXProject "Testtobedeleted" */ = {
			isa = XCConfigurationList;
			buildConfigurations = (
				21BD738324E082BA00F2F681 /* Debug */,
				21BD738424E082BA00F2F681 /* Release */,
			);
			defaultConfigurationIsVisible = 0;
			defaultConfigurationName = Release;
		};
		21BD738524E082BA00F2F681 /* Build configuration list for PBXNativeTarget "Testtobedeleted" */ = {
			isa = XCConfigurationList;
			buildConfigurations = (
				21BD738624E082BA00F2F681 /* Debug */,
				21BD738724E082BA00F2F681 /* Release */,
			);
			defaultConfigurationIsVisible = 0;
			defaultConfigurationName = Release;
		};
		21BD738824E082BA00F2F681 /* Build configuration list for PBXNativeTarget "TesttobedeletedTests" */ = {
			isa = XCConfigurationList;
			buildConfigurations = (
				21BD738924E082BA00F2F681 /* Debug */,
				21BD738A24E082BA00F2F681 /* Release */,
			);
			defaultConfigurationIsVisible = 0;
			defaultConfigurationName = Release;
		};
		21BD738B24E082BA00F2F681 /* Build configuration list for PBXNativeTarget "TesttobedeletedUITests" */ = {
			isa = XCConfigurationList;
			buildConfigurations = (
				21BD738C24E082BA00F2F681 /* Debug */,
				21BD738D24E082BA00F2F681 /* Release */,
			);
			defaultConfigurationIsVisible = 0;
			defaultConfigurationName = Release;
		};
/* End XCConfigurationList section */
	};
	rootObject = 21BD735324E082B900F2F681 /* Project object */;
}
