// !$*UTF8*$!
{
	archiveVersion = 1;
	classes = {
	};
	objectVersion = 50;
	objects = {

/* Begin PBXBuildFile section */
		21140DFE24CBE6A3004A7A87 /* AppDelegate.swift in Sources */ = {isa = PBXBuildFile; fileRef = 21140DFD24CBE6A3004A7A87 /* AppDelegate.swift */; };
		21140E0024CBE6A3004A7A87 /* SceneDelegate.swift in Sources */ = {isa = PBXBuildFile; fileRef = 21140DFF24CBE6A3004A7A87 /* SceneDelegate.swift */; };
		21140E0224CBE6A3004A7A87 /* ViewController.swift in Sources */ = {isa = PBXBuildFile; fileRef = 21140E0124CBE6A3004A7A87 /* ViewController.swift */; };
		21140E0524CBE6A3004A7A87 /* Main.storyboard in Resources */ = {isa = PBXBuildFile; fileRef = 21140E0324CBE6A3004A7A87 /* Main.storyboard */; };
		21140E0724CBE6A3004A7A87 /* Assets.xcassets in Resources */ = {isa = PBXBuildFile; fileRef = 21140E0624CBE6A3004A7A87 /* Assets.xcassets */; };
		21140E0A24CBE6A3004A7A87 /* LaunchScreen.storyboard in Resources */ = {isa = PBXBuildFile; fileRef = 21140E0824CBE6A3004A7A87 /* LaunchScreen.storyboard */; };
		214FB37224D28F2100D40ABE /* SignUpWebServiceTests.swift in Sources */ = {isa = PBXBuildFile; fileRef = 214FB37124D28F2100D40ABE /* SignUpWebServiceTests.swift */; };
		214FB37424D28FA000D40ABE /* SignUpWebService.swift in Sources */ = {isa = PBXBuildFile; fileRef = 214FB37324D28FA000D40ABE /* SignUpWebService.swift */; };
		214FB37524D28FFA00D40ABE /* SignUpWebService.swift in Sources */ = {isa = PBXBuildFile; fileRef = 214FB37324D28FA000D40ABE /* SignUpWebService.swift */; };
		214FB37724D2908C00D40ABE /* SignUpFormRequestModel.swift in Sources */ = {isa = PBXBuildFile; fileRef = 214FB37624D2908C00D40ABE /* SignUpFormRequestModel.swift */; };
		214FB37824D2909200D40ABE /* SignUpFormRequestModel.swift in Sources */ = {isa = PBXBuildFile; fileRef = 214FB37624D2908C00D40ABE /* SignUpFormRequestModel.swift */; };
		214FB37A24D3EF7B00D40ABE /* SignUpResponseModel.swift in Sources */ = {isa = PBXBuildFile; fileRef = 214FB37924D3EF7B00D40ABE /* SignUpResponseModel.swift */; };
		214FB37C24D3EFEF00D40ABE /* SignUpError.swift in Sources */ = {isa = PBXBuildFile; fileRef = 214FB37B24D3EFEF00D40ABE /* SignUpError.swift */; };
		214FB37D24D3F02400D40ABE /* SignUpResponseModel.swift in Sources */ = {isa = PBXBuildFile; fileRef = 214FB37924D3EF7B00D40ABE /* SignUpResponseModel.swift */; };
		214FB37E24D3F03500D40ABE /* SignUpError.swift in Sources */ = {isa = PBXBuildFile; fileRef = 214FB37B24D3EFEF00D40ABE /* SignUpError.swift */; };
		214FB38724D6069000D40ABE /* MockURLProtocol.swift in Sources */ = {isa = PBXBuildFile; fileRef = 214FB38624D6069000D40ABE /* MockURLProtocol.swift */; };
		214FB38824D60CB900D40ABE /* MockURLProtocol.swift in Sources */ = {isa = PBXBuildFile; fileRef = 214FB38624D6069000D40ABE /* MockURLProtocol.swift */; };
		218CB96424D145830005ADE1 /* SignUpFormModelValidator.swift in Sources */ = {isa = PBXBuildFile; fileRef = 21AC482B24D1404300A1C6A0 /* SignUpFormModelValidator.swift */; };
		218CB96824D1F1AE0005ADE1 /* SignUpConstants.swift in Sources */ = {isa = PBXBuildFile; fileRef = 218CB96724D1F1AE0005ADE1 /* SignUpConstants.swift */; };
		21AC482A24D13F8900A1C6A0 /* SignUpFormModelValidatorTests.swift in Sources */ = {isa = PBXBuildFile; fileRef = 21AC482924D13F8900A1C6A0 /* SignUpFormModelValidatorTests.swift */; };
		21AC482C24D1404300A1C6A0 /* SignUpFormModelValidator.swift in Sources */ = {isa = PBXBuildFile; fileRef = 21AC482B24D1404300A1C6A0 /* SignUpFormModelValidator.swift */; };
		21F82DBD24D1F2EE0024A5ED /* SignUpConstants.swift in Sources */ = {isa = PBXBuildFile; fileRef = 218CB96724D1F1AE0005ADE1 /* SignUpConstants.swift */; };
/* End PBXBuildFile section */

/* Begin PBXContainerItemProxy section */
		21140E1124CBE6A3004A7A87 /* PBXContainerItemProxy */ = {
			isa = PBXContainerItemProxy;
			containerPortal = 21140DF224CBE6A3004A7A87 /* Project object */;
			proxyType = 1;
			remoteGlobalIDString = 21140DF924CBE6A3004A7A87;
			remoteInfo = PhotoAppTest;
		};
/* End PBXContainerItemProxy section */

/* Begin PBXFileReference section */
		21140DFA24CBE6A3004A7A87 /* PhotoAppTest.app */ = {isa = PBXFileReference; explicitFileType = wrapper.application; includeInIndex = 0; path = PhotoAppTest.app; sourceTree = BUILT_PRODUCTS_DIR; };
		21140DFD24CBE6A3004A7A87 /* AppDelegate.swift */ = {isa = PBXFileReference; lastKnownFileType = sourcecode.swift; path = AppDelegate.swift; sourceTree = "<group>"; };
		21140DFF24CBE6A3004A7A87 /* SceneDelegate.swift */ = {isa = PBXFileReference; lastKnownFileType = sourcecode.swift; path = SceneDelegate.swift; sourceTree = "<group>"; };
		21140E0124CBE6A3004A7A87 /* ViewController.swift */ = {isa = PBXFileReference; lastKnownFileType = sourcecode.swift; path = ViewController.swift; sourceTree = "<group>"; };
		21140E0424CBE6A3004A7A87 /* Base */ = {isa = PBXFileReference; lastKnownFileType = file.storyboard; name = Base; path = Base.lproj/Main.storyboard; sourceTree = "<group>"; };
		21140E0624CBE6A3004A7A87 /* Assets.xcassets */ = {isa = PBXFileReference; lastKnownFileType = folder.assetcatalog; path = Assets.xcassets; sourceTree = "<group>"; };
		21140E0924CBE6A3004A7A87 /* Base */ = {isa = PBXFileReference; lastKnownFileType = file.storyboard; name = Base; path = Base.lproj/LaunchScreen.storyboard; sourceTree = "<group>"; };
		21140E0B24CBE6A3004A7A87 /* Info.plist */ = {isa = PBXFileReference; lastKnownFileType = text.plist.xml; path = Info.plist; sourceTree = "<group>"; };
		21140E1024CBE6A3004A7A87 /* PhotoAppTestTests.xctest */ = {isa = PBXFileReference; explicitFileType = wrapper.cfbundle; includeInIndex = 0; path = PhotoAppTestTests.xctest; sourceTree = BUILT_PRODUCTS_DIR; };
		21140E1624CBE6A3004A7A87 /* Info.plist */ = {isa = PBXFileReference; lastKnownFileType = text.plist.xml; path = Info.plist; sourceTree = "<group>"; };
		214FB37124D28F2100D40ABE /* SignUpWebServiceTests.swift */ = {isa = PBXFileReference; lastKnownFileType = sourcecode.swift; path = SignUpWebServiceTests.swift; sourceTree = "<group>"; };
		214FB37324D28FA000D40ABE /* SignUpWebService.swift */ = {isa = PBXFileReference; lastKnownFileType = sourcecode.swift; path = SignUpWebService.swift; sourceTree = "<group>"; };
		214FB37624D2908C00D40ABE /* SignUpFormRequestModel.swift */ = {isa = PBXFileReference; lastKnownFileType = sourcecode.swift; path = SignUpFormRequestModel.swift; sourceTree = "<group>"; };
		214FB37924D3EF7B00D40ABE /* SignUpResponseModel.swift */ = {isa = PBXFileReference; lastKnownFileType = sourcecode.swift; path = SignUpResponseModel.swift; sourceTree = "<group>"; };
		214FB37B24D3EFEF00D40ABE /* SignUpError.swift */ = {isa = PBXFileReference; lastKnownFileType = sourcecode.swift; path = SignUpError.swift; sourceTree = "<group>"; };
		214FB38624D6069000D40ABE /* MockURLProtocol.swift */ = {isa = PBXFileReference; lastKnownFileType = sourcecode.swift; path = MockURLProtocol.swift; sourceTree = "<group>"; };
		218CB96724D1F1AE0005ADE1 /* SignUpConstants.swift */ = {isa = PBXFileReference; lastKnownFileType = sourcecode.swift; path = SignUpConstants.swift; sourceTree = "<group>"; };
		21AC482924D13F8900A1C6A0 /* SignUpFormModelValidatorTests.swift */ = {isa = PBXFileReference; lastKnownFileType = sourcecode.swift; path = SignUpFormModelValidatorTests.swift; sourceTree = "<group>"; };
		21AC482B24D1404300A1C6A0 /* SignUpFormModelValidator.swift */ = {isa = PBXFileReference; lastKnownFileType = sourcecode.swift; path = SignUpFormModelValidator.swift; sourceTree = "<group>"; };
/* End PBXFileReference section */

/* Begin PBXFrameworksBuildPhase section */
		21140DF724CBE6A3004A7A87 /* Frameworks */ = {
			isa = PBXFrameworksBuildPhase;
			buildActionMask = 2147483647;
			files = (
			);
			runOnlyForDeploymentPostprocessing = 0;
		};
		21140E0D24CBE6A3004A7A87 /* Frameworks */ = {
			isa = PBXFrameworksBuildPhase;
			buildActionMask = 2147483647;
			files = (
			);
			runOnlyForDeploymentPostprocessing = 0;
		};
/* End PBXFrameworksBuildPhase section */

/* Begin PBXGroup section */
		21140DF124CBE6A3004A7A87 = {
			isa = PBXGroup;
			children = (
				21140DFC24CBE6A3004A7A87 /* PhotoAppTest */,
				21140E1324CBE6A3004A7A87 /* PhotoAppTestTests */,
				21140DFB24CBE6A3004A7A87 /* Products */,
			);
			sourceTree = "<group>";
		};
		21140DFB24CBE6A3004A7A87 /* Products */ = {
			isa = PBXGroup;
			children = (
				21140DFA24CBE6A3004A7A87 /* PhotoAppTest.app */,
				21140E1024CBE6A3004A7A87 /* PhotoAppTestTests.xctest */,
			);
			name = Products;
			sourceTree = "<group>";
		};
		21140DFC24CBE6A3004A7A87 /* PhotoAppTest */ = {
			isa = PBXGroup;
			children = (
				21140DFD24CBE6A3004A7A87 /* AppDelegate.swift */,
				214FB37F24D3F28600D40ABE /* SignUp */,
				21140DFF24CBE6A3004A7A87 /* SceneDelegate.swift */,
				21140E0324CBE6A3004A7A87 /* Main.storyboard */,
				21140E0624CBE6A3004A7A87 /* Assets.xcassets */,
				21140E0824CBE6A3004A7A87 /* LaunchScreen.storyboard */,
				21140E0B24CBE6A3004A7A87 /* Info.plist */,
			);
			path = PhotoAppTest;
			sourceTree = "<group>";
		};
		21140E1324CBE6A3004A7A87 /* PhotoAppTestTests */ = {
			isa = PBXGroup;
			children = (
				214FB38324D51D3200D40ABE /* SignUp */,
				21140E1624CBE6A3004A7A87 /* Info.plist */,
			);
			path = PhotoAppTestTests;
			sourceTree = "<group>";
		};
		214FB37F24D3F28600D40ABE /* SignUp */ = {
			isa = PBXGroup;
			children = (
				214FB38224D51D0F00D40ABE /* Network */,
				214FB38124D51CBF00D40ABE /* Controllers */,
				214FB38024D3F28D00D40ABE /* Models */,
			);
			path = SignUp;
			sourceTree = "<group>";
		};
		214FB38024D3F28D00D40ABE /* Models */ = {
			isa = PBXGroup;
			children = (
				218CB96724D1F1AE0005ADE1 /* SignUpConstants.swift */,
				21AC482B24D1404300A1C6A0 /* SignUpFormModelValidator.swift */,
				214FB37624D2908C00D40ABE /* SignUpFormRequestModel.swift */,
				214FB37924D3EF7B00D40ABE /* SignUpResponseModel.swift */,
				214FB37B24D3EFEF00D40ABE /* SignUpError.swift */,
			);
			path = Models;
			sourceTree = "<group>";
		};
		214FB38124D51CBF00D40ABE /* Controllers */ = {
			isa = PBXGroup;
			children = (
				21140E0124CBE6A3004A7A87 /* ViewController.swift */,
			);
			path = Controllers;
			sourceTree = "<group>";
		};
		214FB38224D51D0F00D40ABE /* Network */ = {
			isa = PBXGroup;
			children = (
				214FB37324D28FA000D40ABE /* SignUpWebService.swift */,
			);
			path = Network;
			sourceTree = "<group>";
		};
		214FB38324D51D3200D40ABE /* SignUp */ = {
			isa = PBXGroup;
			children = (
				214FB38524D51D4500D40ABE /* Network */,
				214FB38424D51D3E00D40ABE /* Models */,
				214FB38624D6069000D40ABE /* MockURLProtocol.swift */,
			);
			path = SignUp;
			sourceTree = "<group>";
		};
		214FB38424D51D3E00D40ABE /* Models */ = {
			isa = PBXGroup;
			children = (
				21AC482924D13F8900A1C6A0 /* SignUpFormModelValidatorTests.swift */,
			);
			path = Models;
			sourceTree = "<group>";
		};
		214FB38524D51D4500D40ABE /* Network */ = {
			isa = PBXGroup;
			children = (
				214FB37124D28F2100D40ABE /* SignUpWebServiceTests.swift */,
			);
			path = Network;
			sourceTree = "<group>";
		};
/* End PBXGroup section */

/* Begin PBXNativeTarget section */
		21140DF924CBE6A3004A7A87 /* PhotoAppTest */ = {
			isa = PBXNativeTarget;
			buildConfigurationList = 21140E1924CBE6A3004A7A87 /* Build configuration list for PBXNativeTarget "PhotoAppTest" */;
			buildPhases = (
				21140DF624CBE6A3004A7A87 /* Sources */,
				21140DF724CBE6A3004A7A87 /* Frameworks */,
				21140DF824CBE6A3004A7A87 /* Resources */,
			);
			buildRules = (
			);
			dependencies = (
			);
			name = PhotoAppTest;
			productName = PhotoAppTest;
			productReference = 21140DFA24CBE6A3004A7A87 /* PhotoAppTest.app */;
			productType = "com.apple.product-type.application";
		};
		21140E0F24CBE6A3004A7A87 /* PhotoAppTestTests */ = {
			isa = PBXNativeTarget;
			buildConfigurationList = 21140E1C24CBE6A3004A7A87 /* Build configuration list for PBXNativeTarget "PhotoAppTestTests" */;
			buildPhases = (
				21140E0C24CBE6A3004A7A87 /* Sources */,
				21140E0D24CBE6A3004A7A87 /* Frameworks */,
				21140E0E24CBE6A3004A7A87 /* Resources */,
			);
			buildRules = (
			);
			dependencies = (
				21140E1224CBE6A3004A7A87 /* PBXTargetDependency */,
			);
			name = PhotoAppTestTests;
			productName = PhotoAppTestTests;
			productReference = 21140E1024CBE6A3004A7A87 /* PhotoAppTestTests.xctest */;
			productType = "com.apple.product-type.bundle.unit-test";
		};
/* End PBXNativeTarget section */

/* Begin PBXProject section */
		21140DF224CBE6A3004A7A87 /* Project object */ = {
			isa = PBXProject;
			attributes = {
				LastSwiftUpdateCheck = 1160;
				LastUpgradeCheck = 1160;
				ORGANIZATIONNAME = "Anton Veldanov";
				TargetAttributes = {
					21140DF924CBE6A3004A7A87 = {
						CreatedOnToolsVersion = 11.6;
					};
					21140E0F24CBE6A3004A7A87 = {
						CreatedOnToolsVersion = 11.6;
						LastSwiftMigration = 1200;
					};
				};
			};
			buildConfigurationList = 21140DF524CBE6A3004A7A87 /* Build configuration list for PBXProject "PhotoAppTest" */;
			compatibilityVersion = "Xcode 9.3";
			developmentRegion = en;
			hasScannedForEncodings = 0;
			knownRegions = (
				en,
				Base,
			);
			mainGroup = 21140DF124CBE6A3004A7A87;
			productRefGroup = 21140DFB24CBE6A3004A7A87 /* Products */;
			projectDirPath = "";
			projectRoot = "";
			targets = (
				21140DF924CBE6A3004A7A87 /* PhotoAppTest */,
				21140E0F24CBE6A3004A7A87 /* PhotoAppTestTests */,
			);
		};
/* End PBXProject section */

/* Begin PBXResourcesBuildPhase section */
		21140DF824CBE6A3004A7A87 /* Resources */ = {
			isa = PBXResourcesBuildPhase;
			buildActionMask = 2147483647;
			files = (
				21140E0A24CBE6A3004A7A87 /* LaunchScreen.storyboard in Resources */,
				21140E0724CBE6A3004A7A87 /* Assets.xcassets in Resources */,
				21140E0524CBE6A3004A7A87 /* Main.storyboard in Resources */,
			);
			runOnlyForDeploymentPostprocessing = 0;
		};
		21140E0E24CBE6A3004A7A87 /* Resources */ = {
			isa = PBXResourcesBuildPhase;
			buildActionMask = 2147483647;
			files = (
			);
			runOnlyForDeploymentPostprocessing = 0;
		};
/* End PBXResourcesBuildPhase section */

/* Begin PBXSourcesBuildPhase section */
		21140DF624CBE6A3004A7A87 /* Sources */ = {
			isa = PBXSourcesBuildPhase;
			buildActionMask = 2147483647;
			files = (
				214FB37424D28FA000D40ABE /* SignUpWebService.swift in Sources */,
				21140E0224CBE6A3004A7A87 /* ViewController.swift in Sources */,
				214FB37A24D3EF7B00D40ABE /* SignUpResponseModel.swift in Sources */,
				214FB37724D2908C00D40ABE /* SignUpFormRequestModel.swift in Sources */,
				214FB37C24D3EFEF00D40ABE /* SignUpError.swift in Sources */,
				21140DFE24CBE6A3004A7A87 /* AppDelegate.swift in Sources */,
				21AC482C24D1404300A1C6A0 /* SignUpFormModelValidator.swift in Sources */,
				214FB38824D60CB900D40ABE /* MockURLProtocol.swift in Sources */,
				21140E0024CBE6A3004A7A87 /* SceneDelegate.swift in Sources */,
				218CB96824D1F1AE0005ADE1 /* SignUpConstants.swift in Sources */,
			);
			runOnlyForDeploymentPostprocessing = 0;
		};
		21140E0C24CBE6A3004A7A87 /* Sources */ = {
			isa = PBXSourcesBuildPhase;
			buildActionMask = 2147483647;
			files = (
				214FB37E24D3F03500D40ABE /* SignUpError.swift in Sources */,
				218CB96424D145830005ADE1 /* SignUpFormModelValidator.swift in Sources */,
				21F82DBD24D1F2EE0024A5ED /* SignUpConstants.swift in Sources */,
				214FB38724D6069000D40ABE /* MockURLProtocol.swift in Sources */,
				214FB37524D28FFA00D40ABE /* SignUpWebService.swift in Sources */,
				214FB37824D2909200D40ABE /* SignUpFormRequestModel.swift in Sources */,
				214FB37D24D3F02400D40ABE /* SignUpResponseModel.swift in Sources */,
				214FB37224D28F2100D40ABE /* SignUpWebServiceTests.swift in Sources */,
				21AC482A24D13F8900A1C6A0 /* SignUpFormModelValidatorTests.swift in Sources */,
			);
			runOnlyForDeploymentPostprocessing = 0;
		};
/* End PBXSourcesBuildPhase section */

/* Begin PBXTargetDependency section */
		21140E1224CBE6A3004A7A87 /* PBXTargetDependency */ = {
			isa = PBXTargetDependency;
			target = 21140DF924CBE6A3004A7A87 /* PhotoAppTest */;
			targetProxy = 21140E1124CBE6A3004A7A87 /* PBXContainerItemProxy */;
		};
/* End PBXTargetDependency section */

/* Begin PBXVariantGroup section */
		21140E0324CBE6A3004A7A87 /* Main.storyboard */ = {
			isa = PBXVariantGroup;
			children = (
				21140E0424CBE6A3004A7A87 /* Base */,
			);
			name = Main.storyboard;
			sourceTree = "<group>";
		};
		21140E0824CBE6A3004A7A87 /* LaunchScreen.storyboard */ = {
			isa = PBXVariantGroup;
			children = (
				21140E0924CBE6A3004A7A87 /* Base */,
			);
			name = LaunchScreen.storyboard;
			sourceTree = "<group>";
		};
/* End PBXVariantGroup section */

/* Begin XCBuildConfiguration section */
		21140E1724CBE6A3004A7A87 /* Debug */ = {
			isa = XCBuildConfiguration;
			buildSettings = {
				ALWAYS_SEARCH_USER_PATHS = NO;
				CLANG_ANALYZER_NONNULL = YES;
				CLANG_ANALYZER_NUMBER_OBJECT_CONVERSION = YES_AGGRESSIVE;
				CLANG_CXX_LANGUAGE_STANDARD = "gnu++14";
				CLANG_CXX_LIBRARY = "libc++";
				CLANG_ENABLE_MODULES = YES;
				CLANG_ENABLE_OBJC_ARC = YES;
				CLANG_ENABLE_OBJC_WEAK = YES;
				CLANG_WARN_BLOCK_CAPTURE_AUTORELEASING = YES;
				CLANG_WARN_BOOL_CONVERSION = YES;
				CLANG_WARN_COMMA = YES;
				CLANG_WARN_CONSTANT_CONVERSION = YES;
				CLANG_WARN_DEPRECATED_OBJC_IMPLEMENTATIONS = YES;
				CLANG_WARN_DIRECT_OBJC_ISA_USAGE = YES_ERROR;
				CLANG_WARN_DOCUMENTATION_COMMENTS = YES;
				CLANG_WARN_EMPTY_BODY = YES;
				CLANG_WARN_ENUM_CONVERSION = YES;
				CLANG_WARN_INFINITE_RECURSION = YES;
				CLANG_WARN_INT_CONVERSION = YES;
				CLANG_WARN_NON_LITERAL_NULL_CONVERSION = YES;
				CLANG_WARN_OBJC_IMPLICIT_RETAIN_SELF = YES;
				CLANG_WARN_OBJC_LITERAL_CONVERSION = YES;
				CLANG_WARN_OBJC_ROOT_CLASS = YES_ERROR;
				CLANG_WARN_RANGE_LOOP_ANALYSIS = YES;
				CLANG_WARN_STRICT_PROTOTYPES = YES;
				CLANG_WARN_SUSPICIOUS_MOVE = YES;
				CLANG_WARN_UNGUARDED_AVAILABILITY = YES_AGGRESSIVE;
				CLANG_WARN_UNREACHABLE_CODE = YES;
				CLANG_WARN__DUPLICATE_METHOD_MATCH = YES;
				COPY_PHASE_STRIP = NO;
				DEBUG_INFORMATION_FORMAT = dwarf;
				ENABLE_STRICT_OBJC_MSGSEND = YES;
				ENABLE_TESTABILITY = YES;
				GCC_C_LANGUAGE_STANDARD = gnu11;
				GCC_DYNAMIC_NO_PIC = NO;
				GCC_NO_COMMON_BLOCKS = YES;
				GCC_OPTIMIZATION_LEVEL = 0;
				GCC_PREPROCESSOR_DEFINITIONS = (
					"DEBUG=1",
					"$(inherited)",
				);
				GCC_WARN_64_TO_32_BIT_CONVERSION = YES;
				GCC_WARN_ABOUT_RETURN_TYPE = YES_ERROR;
				GCC_WARN_UNDECLARED_SELECTOR = YES;
				GCC_WARN_UNINITIALIZED_AUTOS = YES_AGGRESSIVE;
				GCC_WARN_UNUSED_FUNCTION = YES;
				GCC_WARN_UNUSED_VARIABLE = YES;
				IPHONEOS_DEPLOYMENT_TARGET = 13.6;
				MTL_ENABLE_DEBUG_INFO = INCLUDE_SOURCE;
				MTL_FAST_MATH = YES;
				ONLY_ACTIVE_ARCH = YES;
				SDKROOT = iphoneos;
				SWIFT_ACTIVE_COMPILATION_CONDITIONS = DEBUG;
				SWIFT_OPTIMIZATION_LEVEL = "-Onone";
			};
			name = Debug;
		};
		21140E1824CBE6A3004A7A87 /* Release */ = {
			isa = XCBuildConfiguration;
			buildSettings = {
				ALWAYS_SEARCH_USER_PATHS = NO;
				CLANG_ANALYZER_NONNULL = YES;
				CLANG_ANALYZER_NUMBER_OBJECT_CONVERSION = YES_AGGRESSIVE;
				CLANG_CXX_LANGUAGE_STANDARD = "gnu++14";
				CLANG_CXX_LIBRARY = "libc++";
				CLANG_ENABLE_MODULES = YES;
				CLANG_ENABLE_OBJC_ARC = YES;
				CLANG_ENABLE_OBJC_WEAK = YES;
				CLANG_WARN_BLOCK_CAPTURE_AUTORELEASING = YES;
				CLANG_WARN_BOOL_CONVERSION = YES;
				CLANG_WARN_COMMA = YES;
				CLANG_WARN_CONSTANT_CONVERSION = YES;
				CLANG_WARN_DEPRECATED_OBJC_IMPLEMENTATIONS = YES;
				CLANG_WARN_DIRECT_OBJC_ISA_USAGE = YES_ERROR;
				CLANG_WARN_DOCUMENTATION_COMMENTS = YES;
				CLANG_WARN_EMPTY_BODY = YES;
				CLANG_WARN_ENUM_CONVERSION = YES;
				CLANG_WARN_INFINITE_RECURSION = YES;
				CLANG_WARN_INT_CONVERSION = YES;
				CLANG_WARN_NON_LITERAL_NULL_CONVERSION = YES;
				CLANG_WARN_OBJC_IMPLICIT_RETAIN_SELF = YES;
				CLANG_WARN_OBJC_LITERAL_CONVERSION = YES;
				CLANG_WARN_OBJC_ROOT_CLASS = YES_ERROR;
				CLANG_WARN_RANGE_LOOP_ANALYSIS = YES;
				CLANG_WARN_STRICT_PROTOTYPES = YES;
				CLANG_WARN_SUSPICIOUS_MOVE = YES;
				CLANG_WARN_UNGUARDED_AVAILABILITY = YES_AGGRESSIVE;
				CLANG_WARN_UNREACHABLE_CODE = YES;
				CLANG_WARN__DUPLICATE_METHOD_MATCH = YES;
				COPY_PHASE_STRIP = NO;
				DEBUG_INFORMATION_FORMAT = "dwarf-with-dsym";
				ENABLE_NS_ASSERTIONS = NO;
				ENABLE_STRICT_OBJC_MSGSEND = YES;
				GCC_C_LANGUAGE_STANDARD = gnu11;
				GCC_NO_COMMON_BLOCKS = YES;
				GCC_WARN_64_TO_32_BIT_CONVERSION = YES;
				GCC_WARN_ABOUT_RETURN_TYPE = YES_ERROR;
				GCC_WARN_UNDECLARED_SELECTOR = YES;
				GCC_WARN_UNINITIALIZED_AUTOS = YES_AGGRESSIVE;
				GCC_WARN_UNUSED_FUNCTION = YES;
				GCC_WARN_UNUSED_VARIABLE = YES;
				IPHONEOS_DEPLOYMENT_TARGET = 13.6;
				MTL_ENABLE_DEBUG_INFO = NO;
				MTL_FAST_MATH = YES;
				SDKROOT = iphoneos;
				SWIFT_COMPILATION_MODE = wholemodule;
				SWIFT_OPTIMIZATION_LEVEL = "-O";
				VALIDATE_PRODUCT = YES;
			};
			name = Release;
		};
		21140E1A24CBE6A3004A7A87 /* Debug */ = {
			isa = XCBuildConfiguration;
			buildSettings = {
				ASSETCATALOG_COMPILER_APPICON_NAME = AppIcon;
				CODE_SIGN_STYLE = Automatic;
				DEVELOPMENT_TEAM = QLJ84Q3ZSY;
				INFOPLIST_FILE = PhotoAppTest/Info.plist;
				LD_RUNPATH_SEARCH_PATHS = (
					"$(inherited)",
					"@executable_path/Frameworks",
				);
				PRODUCT_BUNDLE_IDENTIFIER = com.aveldanov.PhotoAppTest;
				PRODUCT_NAME = "$(TARGET_NAME)";
				SWIFT_VERSION = 5.0;
				TARGETED_DEVICE_FAMILY = "1,2";
			};
			name = Debug;
		};
		21140E1B24CBE6A3004A7A87 /* Release */ = {
			isa = XCBuildConfiguration;
			buildSettings = {
				ASSETCATALOG_COMPILER_APPICON_NAME = AppIcon;
				CODE_SIGN_STYLE = Automatic;
				DEVELOPMENT_TEAM = QLJ84Q3ZSY;
				INFOPLIST_FILE = PhotoAppTest/Info.plist;
				LD_RUNPATH_SEARCH_PATHS = (
					"$(inherited)",
					"@executable_path/Frameworks",
				);
				PRODUCT_BUNDLE_IDENTIFIER = com.aveldanov.PhotoAppTest;
				PRODUCT_NAME = "$(TARGET_NAME)";
				SWIFT_VERSION = 5.0;
				TARGETED_DEVICE_FAMILY = "1,2";
			};
			name = Release;
		};
		21140E1D24CBE6A3004A7A87 /* Debug */ = {
			isa = XCBuildConfiguration;
			buildSettings = {
				ALWAYS_EMBED_SWIFT_STANDARD_LIBRARIES = YES;
				CLANG_ENABLE_MODULES = YES;
				CODE_SIGN_STYLE = Automatic;
				DEVELOPMENT_TEAM = QLJ84Q3ZSY;
				INFOPLIST_FILE = PhotoAppTestTests/Info.plist;
				IPHONEOS_DEPLOYMENT_TARGET = 13.6;
				LD_RUNPATH_SEARCH_PATHS = (
					"$(inherited)",
					"@executable_path/Frameworks",
					"@loader_path/Frameworks",
				);
				PRODUCT_BUNDLE_IDENTIFIER = com.aveldanov.PhotoAppTestTests;
				PRODUCT_NAME = "$(TARGET_NAME)";
				SWIFT_OPTIMIZATION_LEVEL = "-Onone";
				SWIFT_VERSION = 5.0;
				TARGETED_DEVICE_FAMILY = "1,2";
			};
			name = Debug;
		};
		21140E1E24CBE6A3004A7A87 /* Release */ = {
			isa = XCBuildConfiguration;
			buildSettings = {
				ALWAYS_EMBED_SWIFT_STANDARD_LIBRARIES = YES;
				CLANG_ENABLE_MODULES = YES;
				CODE_SIGN_STYLE = Automatic;
				DEVELOPMENT_TEAM = QLJ84Q3ZSY;
				INFOPLIST_FILE = PhotoAppTestTests/Info.plist;
				IPHONEOS_DEPLOYMENT_TARGET = 13.6;
				LD_RUNPATH_SEARCH_PATHS = (
					"$(inherited)",
					"@executable_path/Frameworks",
					"@loader_path/Frameworks",
				);
				PRODUCT_BUNDLE_IDENTIFIER = com.aveldanov.PhotoAppTestTests;
				PRODUCT_NAME = "$(TARGET_NAME)";
				SWIFT_VERSION = 5.0;
				TARGETED_DEVICE_FAMILY = "1,2";
			};
			name = Release;
		};
/* End XCBuildConfiguration section */

/* Begin XCConfigurationList section */
		21140DF524CBE6A3004A7A87 /* Build configuration list for PBXProject "PhotoAppTest" */ = {
			isa = XCConfigurationList;
			buildConfigurations = (
				21140E1724CBE6A3004A7A87 /* Debug */,
				21140E1824CBE6A3004A7A87 /* Release */,
			);
			defaultConfigurationIsVisible = 0;
			defaultConfigurationName = Release;
		};
		21140E1924CBE6A3004A7A87 /* Build configuration list for PBXNativeTarget "PhotoAppTest" */ = {
			isa = XCConfigurationList;
			buildConfigurations = (
				21140E1A24CBE6A3004A7A87 /* Debug */,
				21140E1B24CBE6A3004A7A87 /* Release */,
			);
			defaultConfigurationIsVisible = 0;
			defaultConfigurationName = Release;
		};
		21140E1C24CBE6A3004A7A87 /* Build configuration list for PBXNativeTarget "PhotoAppTestTests" */ = {
			isa = XCConfigurationList;
			buildConfigurations = (
				21140E1D24CBE6A3004A7A87 /* Debug */,
				21140E1E24CBE6A3004A7A87 /* Release */,
			);
			defaultConfigurationIsVisible = 0;
			defaultConfigurationName = Release;
		};
/* End XCConfigurationList section */
	};
	rootObject = 21140DF224CBE6A3004A7A87 /* Project object */;
}
